
Microsoft Visual Studio Solution File, Format Version 12.00
# Visual Studio Version 16
VisualStudioVersion = 16.0.28922.388
MinimumVisualStudioVersion = 10.0.40219.1
Project("{9A19103F-16F7-4668-BE54-9A1E7A4F7556}") = "BusinessSchoolMLS", "BusinessSchoolMLS\BusinessSchoolMLS.csproj", "{016CE027-F63B-4B43-9274-762ADA68DC8F}"
EndProject
Project("{FAE04EC0-301F-11D3-BF4B-00C04F79EFBC}") = "MailTest", "MailTest\MailTest.csproj", "{0BB3B5A1-1FB0-4C6D-B08B-AFE7F37647F5}"
EndProject
Project("{9A19103F-16F7-4668-BE54-9A1E7A4F7556}") = "MRTD.DAL", "MRTD.DAL\MRTD.DAL.csproj", "{0CA4315A-00EE-4DF0-B13F-8F1A61000B44}"
EndProject
Project("{9A19103F-16F7-4668-BE54-9A1E7A4F7556}") = "MRTD.Core", "MRTD.Core\MRTD.Core.csproj", "{0A9260A8-EA97-42B8-82AC-4E3559D7AD93}"
EndProject
Project("{FAE04EC0-301F-11D3-BF4B-00C04F79EFBC}") = "MRTD.NotificationService", "MRTD.NotificationService\MRTD.NotificationService.csproj", "{77E27699-73FE-4A0F-9D68-78254BA511FB}"
EndProject
Global
	GlobalSection(SolutionConfigurationPlatforms) = preSolution
		Debug|Any CPU = Debug|Any CPU
		Release|Any CPU = Release|Any CPU
	EndGlobalSection
	GlobalSection(ProjectConfigurationPlatforms) = postSolution
		{016CE027-F63B-4B43-9274-762ADA68DC8F}.Debug|Any CPU.ActiveCfg = Debug|Any CPU
		{016CE027-F63B-4B43-9274-762ADA68DC8F}.Debug|Any CPU.Build.0 = Debug|Any CPU
		{016CE027-F63B-4B43-9274-762ADA68DC8F}.Release|Any CPU.ActiveCfg = Release|Any CPU
		{016CE027-F63B-4B43-9274-762ADA68DC8F}.Release|Any CPU.Build.0 = Release|Any CPU
		{0BB3B5A1-1FB0-4C6D-B08B-AFE7F37647F5}.Debug|Any CPU.ActiveCfg = Debug|Any CPU
		{0BB3B5A1-1FB0-4C6D-B08B-AFE7F37647F5}.Debug|Any CPU.Build.0 = Debug|Any CPU
		{0BB3B5A1-1FB0-4C6D-B08B-AFE7F37647F5}.Release|Any CPU.ActiveCfg = Release|Any CPU
		{0BB3B5A1-1FB0-4C6D-B08B-AFE7F37647F5}.Release|Any CPU.Build.0 = Release|Any CPU
		{0CA4315A-00EE-4DF0-B13F-8F1A61000B44}.Debug|Any CPU.ActiveCfg = Debug|Any CPU
		{0CA4315A-00EE-4DF0-B13F-8F1A61000B44}.Debug|Any CPU.Build.0 = Debug|Any CPU
		{0CA4315A-00EE-4DF0-B13F-8F1A61000B44}.Release|Any CPU.ActiveCfg = Release|Any CPU
		{0CA4315A-00EE-4DF0-B13F-8F1A61000B44}.Release|Any CPU.Build.0 = Release|Any CPU
		{0A9260A8-EA97-42B8-82AC-4E3559D7AD93}.Debug|Any CPU.ActiveCfg = Debug|Any CPU
		{0A9260A8-EA97-42B8-82AC-4E3559D7AD93}.Debug|Any CPU.Build.0 = Debug|Any CPU
		{0A9260A8-EA97-42B8-82AC-4E3559D7AD93}.Release|Any CPU.ActiveCfg = Release|Any CPU
		{0A9260A8-EA97-42B8-82AC-4E3559D7AD93}.Release|Any CPU.Build.0 = Release|Any CPU
		{77E27699-73FE-4A0F-9D68-78254BA511FB}.Debug|Any CPU.ActiveCfg = Debug|Any CPU
		{77E27699-73FE-4A0F-9D68-78254BA511FB}.Debug|Any CPU.Build.0 = Debug|Any CPU
		{77E27699-73FE-4A0F-9D68-78254BA511FB}.Release|Any CPU.ActiveCfg = Release|Any CPU
		{77E27699-73FE-4A0F-9D68-78254BA511FB}.Release|Any CPU.Build.0 = Release|Any CPU
	EndGlobalSection
	GlobalSection(SolutionProperties) = preSolution
		HideSolutionNode = FALSE
	EndGlobalSection
	GlobalSection(ExtensibilityGlobals) = postSolution
		SolutionGuid = {4EC68615-ACAE-483D-80A4-427E153D4268}
	EndGlobalSection
EndGlobal
